
Microsoft Visual Studio Solution File, Format Version 12.00
# Visual Studio Version 16
VisualStudioVersion = 16.0.30717.126
MinimumVisualStudioVersion = 10.0.40219.1
Project("{FAE04EC0-301F-11D3-BF4B-00C04F79EFBC}") = "Macro_Fack", "Macro_Fack\Macro_Fack.csproj", "{40A833E4-0CE2-4E01-A070-F0D3F66319C2}"
EndProject
Global
	GlobalSection(SolutionConfigurationPlatforms) = preSolution
		Debug|Any CPU = Debug|Any CPU
		Release|Any CPU = Release|Any CPU
	EndGlobalSection
	GlobalSection(ProjectConfigurationPlatforms) = postSolution
		{40A833E4-0CE2-4E01-A070-F0D3F66319C2}.Debug|Any CPU.ActiveCfg = Debug|Any CPU
		{40A833E4-0CE2-4E01-A070-F0D3F66319C2}.Debug|Any CPU.Build.0 = Debug|Any CPU
		{40A833E4-0CE2-4E01-A070-F0D3F66319C2}.Release|Any CPU.ActiveCfg = Release|Any CPU
		{40A833E4-0CE2-4E01-A070-F0D3F66319C2}.Release|Any CPU.Build.0 = Release|Any CPU
	EndGlobalSection
	GlobalSection(SolutionProperties) = preSolution
		HideSolutionNode = FALSE
	EndGlobalSection
	GlobalSection(ExtensibilityGlobals) = postSolution
		SolutionGuid = {5E7239C9-D9AA-44DC-98B2-CB221CA06D40}
	EndGlobalSection
EndGlobal
